
Microsoft Visual Studio Solution File, Format Version 12.00
# Visual Studio Version 17
VisualStudioVersion = 17.1.32328.378
MinimumVisualStudioVersion = 10.0.40219.1
Project("{9A19103F-16F7-4668-BE54-9A1E7A4F7556}") = "GaussianRifle", "GaussianRifle.csproj", "{FF67DD08-40B5-4A8D-B3AE-64A1B5DAF76D}"
EndProject
Global
	GlobalSection(SolutionConfigurationPlatforms) = preSolution
		Debug|Any CPU = Debug|Any CPU
		Release|Any CPU = Release|Any CPU
	EndGlobalSection
	GlobalSection(ProjectConfigurationPlatforms) = postSolution
		{FF67DD08-40B5-4A8D-B3AE-64A1B5DAF76D}.Debug|Any CPU.ActiveCfg = Debug|Any CPU
		{FF67DD08-40B5-4A8D-B3AE-64A1B5DAF76D}.Debug|Any CPU.Build.0 = Debug|Any CPU
		{FF67DD08-40B5-4A8D-B3AE-64A1B5DAF76D}.Release|Any CPU.ActiveCfg = Release|Any CPU
		{FF67DD08-40B5-4A8D-B3AE-64A1B5DAF76D}.Release|Any CPU.Build.0 = Release|Any CPU
	EndGlobalSection
	GlobalSection(SolutionProperties) = preSolution
		HideSolutionNode = FALSE
	EndGlobalSection
	GlobalSection(ExtensibilityGlobals) = postSolution
		SolutionGuid = {034312A3-E759-4CED-9934-59E35B3B9BFB}
	EndGlobalSection
EndGlobal
